
Microsoft Visual Studio Solution File, Format Version 12.00
# Visual Studio 14
VisualStudioVersion = 14.0.25420.1
MinimumVisualStudioVersion = 10.0.40219.1
Project("{FAE04EC0-301F-11D3-BF4B-00C04F79EFBC}") = "ScrapeLibrary", "ScrapeLibrary\ScrapeLibrary.csproj", "{530461F1-90B2-4438-B34B-DF0094FA473E}"
EndProject
Project("{FAE04EC0-301F-11D3-BF4B-00C04F79EFBC}") = "ScrapeClient", "ScrapeClient\ScrapeClient.csproj", "{9307F501-A0F6-46B9-B68D-85F24BCD9B1D}"
EndProject
Global
	GlobalSection(SolutionConfigurationPlatforms) = preSolution
		Debug|Any CPU = Debug|Any CPU
		Release|Any CPU = Release|Any CPU
	EndGlobalSection
	GlobalSection(ProjectConfigurationPlatforms) = postSolution
		{530461F1-90B2-4438-B34B-DF0094FA473E}.Debug|Any CPU.ActiveCfg = Debug|Any CPU
		{530461F1-90B2-4438-B34B-DF0094FA473E}.Debug|Any CPU.Build.0 = Debug|Any CPU
		{530461F1-90B2-4438-B34B-DF0094FA473E}.Release|Any CPU.ActiveCfg = Release|Any CPU
		{530461F1-90B2-4438-B34B-DF0094FA473E}.Release|Any CPU.Build.0 = Release|Any CPU
		{9307F501-A0F6-46B9-B68D-85F24BCD9B1D}.Debug|Any CPU.ActiveCfg = Debug|Any CPU
		{9307F501-A0F6-46B9-B68D-85F24BCD9B1D}.Debug|Any CPU.Build.0 = Debug|Any CPU
		{9307F501-A0F6-46B9-B68D-85F24BCD9B1D}.Release|Any CPU.ActiveCfg = Release|Any CPU
		{9307F501-A0F6-46B9-B68D-85F24BCD9B1D}.Release|Any CPU.Build.0 = Release|Any CPU
	EndGlobalSection
	GlobalSection(SolutionProperties) = preSolution
		HideSolutionNode = FALSE
	EndGlobalSection
EndGlobal
